
Microsoft Visual Studio Solution File, Format Version 12.00
# Visual Studio 2012
Project("{FAE04EC0-301F-11D3-BF4B-00C04F79EFBC}") = "Amnesty", "Amnesty\Amnesty.csproj", "{76B1F88E-FC38-452A-AD85-0350567D5CC2}"
EndProject
Project("{FAE04EC0-301F-11D3-BF4B-00C04F79EFBC}") = "Amnesty.UITests", "Amnesty.UITests\Amnesty.UITests.csproj", "{B116C6CF-0C34-45FC-BFD5-158E589CE83D}"
EndProject
Global
	GlobalSection(SolutionConfigurationPlatforms) = preSolution
		Debug|Any CPU = Debug|Any CPU
		Release|Any CPU = Release|Any CPU
	EndGlobalSection
	GlobalSection(ProjectConfigurationPlatforms) = postSolution
		{76B1F88E-FC38-452A-AD85-0350567D5CC2}.Debug|Any CPU.ActiveCfg = Debug|Any CPU
		{76B1F88E-FC38-452A-AD85-0350567D5CC2}.Debug|Any CPU.Build.0 = Debug|Any CPU
		{76B1F88E-FC38-452A-AD85-0350567D5CC2}.Release|Any CPU.ActiveCfg = Release|Any CPU
		{76B1F88E-FC38-452A-AD85-0350567D5CC2}.Release|Any CPU.Build.0 = Release|Any CPU
		{B116C6CF-0C34-45FC-BFD5-158E589CE83D}.Debug|Any CPU.ActiveCfg = Debug|Any CPU
		{B116C6CF-0C34-45FC-BFD5-158E589CE83D}.Debug|Any CPU.Build.0 = Debug|Any CPU
		{B116C6CF-0C34-45FC-BFD5-158E589CE83D}.Release|Any CPU.ActiveCfg = Release|Any CPU
		{B116C6CF-0C34-45FC-BFD5-158E589CE83D}.Release|Any CPU.Build.0 = Release|Any CPU
	EndGlobalSection
EndGlobal
